
Microsoft Visual Studio Solution File, Format Version 9.00
# Visual Studio 2005
Project("{FAE04EC0-301F-11D3-BF4B-00C04F79EFBC}") = "DRToolbox.UI", "DRToolbox.UI\DRToolbox.UI.csproj", "{E6F42E8C-D5C4-49F4-B4FA-6B84936105EF}"
EndProject
Project("{FAE04EC0-301F-11D3-BF4B-00C04F79EFBC}") = "DRToolbox.Techniques", "DRToolbox.Techniques\DRToolbox.Techniques.csproj", "{9B6883F2-9C48-4BB9-8E3A-A187F6708E2F}"
EndProject
Project("{FAE04EC0-301F-11D3-BF4B-00C04F79EFBC}") = "DRToolbox.Utilites", "DRToolbox.Utilites\DRToolbox.Utilites.csproj", "{CEA61B17-28FB-4161-96E9-1430FC8E5325}"
EndProject
Project("{54435603-DBB4-11D2-8724-00A0C9A8B90C}") = "DRToolbox.Setup", "DRToolbox.Setup\DRToolbox.Setup.vdproj", "{6F672284-8F63-4D59-9F6F-C70E85AA4328}"
EndProject
Global
	GlobalSection(SolutionConfigurationPlatforms) = preSolution
		Debug|Any CPU = Debug|Any CPU
		Release|Any CPU = Release|Any CPU
	EndGlobalSection
	GlobalSection(ProjectConfigurationPlatforms) = postSolution
		{E6F42E8C-D5C4-49F4-B4FA-6B84936105EF}.Debug|Any CPU.ActiveCfg = Debug|Any CPU
		{E6F42E8C-D5C4-49F4-B4FA-6B84936105EF}.Debug|Any CPU.Build.0 = Debug|Any CPU
		{E6F42E8C-D5C4-49F4-B4FA-6B84936105EF}.Release|Any CPU.ActiveCfg = Release|Any CPU
		{E6F42E8C-D5C4-49F4-B4FA-6B84936105EF}.Release|Any CPU.Build.0 = Release|Any CPU
		{9B6883F2-9C48-4BB9-8E3A-A187F6708E2F}.Debug|Any CPU.ActiveCfg = Debug|Any CPU
		{9B6883F2-9C48-4BB9-8E3A-A187F6708E2F}.Debug|Any CPU.Build.0 = Debug|Any CPU
		{9B6883F2-9C48-4BB9-8E3A-A187F6708E2F}.Release|Any CPU.ActiveCfg = Release|Any CPU
		{9B6883F2-9C48-4BB9-8E3A-A187F6708E2F}.Release|Any CPU.Build.0 = Release|Any CPU
		{CEA61B17-28FB-4161-96E9-1430FC8E5325}.Debug|Any CPU.ActiveCfg = Debug|Any CPU
		{CEA61B17-28FB-4161-96E9-1430FC8E5325}.Debug|Any CPU.Build.0 = Debug|Any CPU
		{CEA61B17-28FB-4161-96E9-1430FC8E5325}.Release|Any CPU.ActiveCfg = Release|Any CPU
		{CEA61B17-28FB-4161-96E9-1430FC8E5325}.Release|Any CPU.Build.0 = Release|Any CPU
		{6F672284-8F63-4D59-9F6F-C70E85AA4328}.Debug|Any CPU.ActiveCfg = Debug
		{6F672284-8F63-4D59-9F6F-C70E85AA4328}.Release|Any CPU.ActiveCfg = Release
	EndGlobalSection
	GlobalSection(SolutionProperties) = preSolution
		HideSolutionNode = FALSE
	EndGlobalSection
EndGlobal
